<?xml version="1.0" encoding="utf-8"?>
<Project ToolsVersion="4.0" xmlns="http://schemas.microsoft.com/developer/msbuild/2003">
  <ItemGroup>
    <Filter Include="Source Files">
      <UniqueIdentifier>{4FC737F1-C7A5-4376-A066-2A32D752A2FF}</UniqueIdentifier>
      <Extensions>cpp;c;cc;cxx;def;odl;idl;hpj;bat;asm;asmx</Extensions>
    </Filter>
    <Filter Include="Header Files">
      <UniqueIdentifier>{93995380-89BD-4b04-88EB-625FBE52EBFB}</UniqueIdentifier>
      <Extensions>h;hh;hpp;hxx;hm;inl;inc;xsd</Extensions>
    </Filter>
    <Filter Include="Resource Files">
      <UniqueIdentifier>{67DA6AB6-F800-4c08-8B7A-83BB121AAD01}</UniqueIdentifier>
      <Extensions>rc;ico;cur;bmp;dlg;rc2;rct;bin;rgs;gif;jpg;jpeg;jpe;resx;tiff;tif;png;wav;mfcribbon-ms</Extensions>
    </Filter>
    <Filter Include="Game">
      <UniqueIdentifier>{5c21547e-4467-4807-81cf-a101fe8eac1b}</UniqueIdentifier>
    </Filter>
    <Filter Include="GameObject">
      <UniqueIdentifier>{5c2212c4-985d-446b-8dde-54e67fa11b89}</UniqueIdentifier>
    </Filter>
    <Filter Include="Map">
      <UniqueIdentifier>{c09509ec-bafd-42fc-87b2-0c98f73fb5bd}</UniqueIdentifier>
    </Filter>
    <Filter Include="GameObject\StaticObject">
      <UniqueIdentifier>{8e409d16-17d1-49a3-b092-3eea28a05a96}</UniqueIdentifier>
    </Filter>
    <Filter Include="KeyEventHandler">
      <UniqueIdentifier>{97844d13-3cc2-4a63-8d78-164a138528c8}</UniqueIdentifier>
    </Filter>
    <Filter Include="GameObject\Portal">
      <UniqueIdentifier>{37a38009-f7db-4c00-b2c9-34085b55716f}</UniqueIdentifier>
    </Filter>
    <Filter Include="Scenes Manager">
      <UniqueIdentifier>{6468e177-0e96-4dd1-8059-191c87ee4ce1}</UniqueIdentifier>
    </Filter>
    <Filter Include="GameObject\Item">
      <UniqueIdentifier>{082a692f-77ed-4f0c-9a97-2616239bf107}</UniqueIdentifier>
    </Filter>
    <Filter Include="GameObject\Weapon">
      <UniqueIdentifier>{181bdc51-9615-4b43-9fa7-6a059c3e5066}</UniqueIdentifier>
    </Filter>
    <Filter Include="GameObject\Base GameObject">
      <UniqueIdentifier>{fc93e5dc-86c6-4cbb-89c3-9ee007a43179}</UniqueIdentifier>
    </Filter>
    <Filter Include="Utils">
      <UniqueIdentifier>{0c9a9dfb-1c85-4d0b-a695-599323e21ce3}</UniqueIdentifier>
    </Filter>
    <Filter Include="GameObject\Weapon\Weapon Base">
      <UniqueIdentifier>{e77ee8a7-4511-4afe-8cbc-f02c1c0791ea}</UniqueIdentifier>
    </Filter>
    <Filter Include="Textures &amp; Sprites">
      <UniqueIdentifier>{e012f30b-282d-4fda-bcef-af5ea3b07779}</UniqueIdentifier>
    </Filter>
    <Filter Include="GameObject\Simon">
      <UniqueIdentifier>{6204bb18-963a-418b-bf8f-16d981cede80}</UniqueIdentifier>
    </Filter>
    <Filter Include="HUD">
      <UniqueIdentifier>{fda0bc50-7095-4fbb-a265-c5b5a71a901c}</UniqueIdentifier>
    </Filter>
    <Filter Include="Define">
      <UniqueIdentifier>{eb7eed12-2d38-43a9-b796-600ddcef9b63}</UniqueIdentifier>
    </Filter>
    <Filter Include="GameObject\HidenObjects">
      <UniqueIdentifier>{0e509ae4-1786-4250-b5f5-cd4b75d57492}</UniqueIdentifier>
    </Filter>
    <Filter Include="GameObject\Effect">
      <UniqueIdentifier>{9081dc12-9ebc-4a9d-9afd-706ad4b11a7f}</UniqueIdentifier>
    </Filter>
    <Filter Include="Grid">
      <UniqueIdentifier>{cb381475-fc76-4b64-8f83-17afde2e4dd2}</UniqueIdentifier>
    </Filter>
    <Filter Include="GameObject\Item\Item Base">
      <UniqueIdentifier>{c8670dc7-2799-43c3-933e-00d6b8c3646a}</UniqueIdentifier>
    </Filter>
  </ItemGroup>
  <ItemGroup>
    <ClInclude Include="Game.h">
      <Filter>Game</Filter>
    </ClInclude>
    <ClInclude Include="Textures.h">
      <Filter>Textures &amp; Sprites</Filter>
    </ClInclude>
    <ClInclude Include="Sprites.h">
      <Filter>Textures &amp; Sprites</Filter>
    </ClInclude>
    <ClInclude Include="Map.h">
      <Filter>Map</Filter>
    </ClInclude>
    <ClInclude Include="Brick.h">
      <Filter>GameObject\StaticObject</Filter>
    </ClInclude>
    <ClInclude Include="KeyEventHandler.h">
      <Filter>KeyEventHandler</Filter>
    </ClInclude>
    <ClInclude Include="Animation.h">
      <Filter>Textures &amp; Sprites</Filter>
    </ClInclude>
    <ClInclude Include="Portal.h">
      <Filter>GameObject\Portal</Filter>
    </ClInclude>
    <ClInclude Include="Torch.h">
      <Filter>GameObject\StaticObject</Filter>
    </ClInclude>
    <ClInclude Include="Scene.h">
      <Filter>Scenes Manager</Filter>
    </ClInclude>
    <ClInclude Include="PlayScene.h">
      <Filter>Scenes Manager</Filter>
    </ClInclude>
    <ClInclude Include="GameObject.h">
      <Filter>GameObject\Base GameObject</Filter>
    </ClInclude>
    <ClInclude Include="Whip.h">
      <Filter>GameObject\Weapon</Filter>
    </ClInclude>
    <ClInclude Include="Knife.h">
      <Filter>GameObject\Weapon</Filter>
    </ClInclude>
    <ClInclude Include="Utils.h">
      <Filter>Utils</Filter>
    </ClInclude>
    <ClInclude Include="Weapon.h">
      <Filter>GameObject\Weapon\Weapon Base</Filter>
    </ClInclude>
    <ClInclude Include="Simon.h">
      <Filter>GameObject\Simon</Filter>
    </ClInclude>
    <ClInclude Include="Board.h">
      <Filter>HUD</Filter>
    </ClInclude>
    <ClInclude Include="Define.h">
      <Filter>Define</Filter>
    </ClInclude>
    <ClInclude Include="HidenObject.h">
      <Filter>GameObject\HidenObjects</Filter>
    </ClInclude>
    <ClInclude Include="Effect.h">
      <Filter>GameObject\Effect</Filter>
    </ClInclude>
    <ClInclude Include="Code.h">
      <Filter>HUD</Filter>
    </ClInclude>
    <ClInclude Include="Grid.h">
      <Filter>Grid</Filter>
    </ClInclude>
    <ClInclude Include="Axe.h">
      <Filter>GameObject\Weapon</Filter>
    </ClInclude>
    <ClInclude Include="Item.h">
      <Filter>GameObject\Item\Item Base</Filter>
    </ClInclude>
    <ClInclude Include="ItemSmallHeart.h">
      <Filter>GameObject\Item</Filter>
    </ClInclude>
    <ClInclude Include="ItemNormal.h">
      <Filter>GameObject\Item</Filter>
    </ClInclude>
    <ClInclude Include="ItemMoney.h">
      <Filter>GameObject\Item</Filter>
    </ClInclude>
  </ItemGroup>
  <ItemGroup>
    <ClCompile Include="main.cpp">
      <Filter>Source Files</Filter>
    </ClCompile>
    <ClCompile Include="Game.cpp">
      <Filter>Game</Filter>
    </ClCompile>
    <ClCompile Include="Textures.cpp">
      <Filter>Textures &amp; Sprites</Filter>
    </ClCompile>
    <ClCompile Include="Sprites.cpp">
      <Filter>Textures &amp; Sprites</Filter>
    </ClCompile>
    <ClCompile Include="Map.cpp">
      <Filter>Map</Filter>
    </ClCompile>
    <ClCompile Include="Brick.cpp">
      <Filter>GameObject\StaticObject</Filter>
    </ClCompile>
    <ClCompile Include="Animation.cpp">
      <Filter>Textures &amp; Sprites</Filter>
    </ClCompile>
    <ClCompile Include="Portal.cpp">
      <Filter>GameObject\Portal</Filter>
    </ClCompile>
    <ClCompile Include="Torch.cpp">
      <Filter>GameObject\StaticObject</Filter>
    </ClCompile>
    <ClCompile Include="Scene.cpp">
      <Filter>Scenes Manager</Filter>
    </ClCompile>
    <ClCompile Include="PlayScene.cpp">
      <Filter>Scenes Manager</Filter>
    </ClCompile>
    <ClCompile Include="GameObject.cpp">
      <Filter>GameObject\Base GameObject</Filter>
    </ClCompile>
    <ClCompile Include="Knife.cpp">
      <Filter>GameObject\Weapon</Filter>
    </ClCompile>
    <ClCompile Include="Utils.cpp">
      <Filter>Utils</Filter>
    </ClCompile>
    <ClCompile Include="Weapon.cpp">
      <Filter>GameObject\Weapon\Weapon Base</Filter>
    </ClCompile>
    <ClCompile Include="Simon.cpp">
      <Filter>GameObject\Simon</Filter>
    </ClCompile>
    <ClCompile Include="Board.cpp">
      <Filter>HUD</Filter>
    </ClCompile>
    <ClCompile Include="HidenObject.cpp">
      <Filter>GameObject\HidenObjects</Filter>
    </ClCompile>
    <ClCompile Include="Code.cpp">
      <Filter>HUD</Filter>
    </ClCompile>
    <ClCompile Include="Grid.cpp">
      <Filter>Grid</Filter>
    </ClCompile>
    <ClCompile Include="Axe.cpp">
      <Filter>GameObject\Weapon</Filter>
    </ClCompile>
    <ClCompile Include="Item.cpp">
      <Filter>GameObject\Item\Item Base</Filter>
    </ClCompile>
    <ClCompile Include="ItemSmallHeart.cpp">
      <Filter>GameObject\Item</Filter>
    </ClCompile>
    <ClCompile Include="Effect.cpp">
      <Filter>GameObject\Effect</Filter>
    </ClCompile>
    <ClCompile Include="ItemNormal.cpp">
      <Filter>GameObject\Item</Filter>
    </ClCompile>
    <ClCompile Include="Whip.cpp">
      <Filter>GameObject\Weapon</Filter>
    </ClCompile>
    <ClCompile Include="ItemMoney.cpp">
      <Filter>GameObject\Item</Filter>
    </ClCompile>
  </ItemGroup>
</Project>